
Microsoft Visual Studio Solution File, Format Version 12.00
# Visual Studio Version 16
VisualStudioVersion = 16.0.29728.190
MinimumVisualStudioVersion = 10.0.40219.1
Project("{8BC9CEB8-8B4A-11D0-8D11-00A0C91BC942}") = "Bull'nCow", "Bull'nCow\Bull'nCow.vcxproj", "{F2F0751A-2D1D-4A13-B33F-54B24589009B}"
EndProject
Global
	GlobalSection(SolutionConfigurationPlatforms) = preSolution
		Debug|x64 = Debug|x64
		Debug|x86 = Debug|x86
		Release|x64 = Release|x64
		Release|x86 = Release|x86
	EndGlobalSection
	GlobalSection(ProjectConfigurationPlatforms) = postSolution
		{F2F0751A-2D1D-4A13-B33F-54B24589009B}.Debug|x64.ActiveCfg = Debug|x64
		{F2F0751A-2D1D-4A13-B33F-54B24589009B}.Debug|x64.Build.0 = Debug|x64
		{F2F0751A-2D1D-4A13-B33F-54B24589009B}.Debug|x86.ActiveCfg = Debug|Win32
		{F2F0751A-2D1D-4A13-B33F-54B24589009B}.Debug|x86.Build.0 = Debug|Win32
		{F2F0751A-2D1D-4A13-B33F-54B24589009B}.Release|x64.ActiveCfg = Release|x64
		{F2F0751A-2D1D-4A13-B33F-54B24589009B}.Release|x64.Build.0 = Release|x64
		{F2F0751A-2D1D-4A13-B33F-54B24589009B}.Release|x86.ActiveCfg = Release|Win32
		{F2F0751A-2D1D-4A13-B33F-54B24589009B}.Release|x86.Build.0 = Release|Win32
	EndGlobalSection
	GlobalSection(SolutionProperties) = preSolution
		HideSolutionNode = FALSE
	EndGlobalSection
	GlobalSection(ExtensibilityGlobals) = postSolution
		SolutionGuid = {C322AFC2-02CE-4EB7-825C-C49F63C0E645}
	EndGlobalSection
EndGlobal
